<?xml version="1.0" encoding="utf-8"?>
<Project ToolsVersion="4.0" xmlns="http://schemas.microsoft.com/developer/msbuild/2003">
  <ItemGroup>
    <ClCompile Include="Light.cpp">
      <Filter>Created Code</Filter>
    </ClCompile>
    <ClCompile Include="Scene.cpp">
      <Filter>Created Code</Filter>
    </ClCompile>
    <ClCompile Include="MapSquare.cpp">
      <Filter>Created Code</Filter>
    </ClCompile>
    <ClCompile Include="Import\Math\BaseMath.cpp">
      <Filter>External Code\Graphics Assignment</Filter>
    </ClCompile>
    <ClCompile Include="Camera.cpp">
      <Filter>External Code\Graphics Assignment</Filter>
    </ClCompile>
    <ClCompile Include="Import\Common\CFatalException.cpp">
      <Filter>External Code\Graphics Assignment</Filter>
    </ClCompile>
    <ClCompile Include="Import\CImportXFile.cpp">
      <Filter>External Code\Graphics Assignment</Filter>
    </ClCompile>
    <ClCompile Include="Import\Math\CMatrix2x2.cpp">
      <Filter>External Code\Graphics Assignment</Filter>
    </ClCompile>
    <ClCompile Include="Import\Math\CMatrix3x3.cpp">
      <Filter>External Code\Graphics Assignment</Filter>
    </ClCompile>
    <ClCompile Include="Import\Math\CMatrix4x4.cpp">
      <Filter>External Code\Graphics Assignment</Filter>
    </ClCompile>
    <ClCompile Include="Import\Math\CQuaternion.cpp">
      <Filter>External Code\Graphics Assignment</Filter>
    </ClCompile>
    <ClCompile Include="Import\Math\CQuatTransform.cpp">
      <Filter>External Code\Graphics Assignment</Filter>
    </ClCompile>
    <ClCompile Include="CTimer.cpp">
      <Filter>External Code\Graphics Assignment</Filter>
    </ClCompile>
    <ClCompile Include="Import\Math\CVector2.cpp">
      <Filter>External Code\Graphics Assignment</Filter>
    </ClCompile>
    <ClCompile Include="Import\Math\CVector3.cpp">
      <Filter>External Code\Graphics Assignment</Filter>
    </ClCompile>
    <ClCompile Include="Import\Math\CVector4.cpp">
      <Filter>External Code\Graphics Assignment</Filter>
    </ClCompile>
    <ClCompile Include="Input.cpp">
      <Filter>External Code\Graphics Assignment</Filter>
    </ClCompile>
    <ClCompile Include="Import\Math\MathIO.cpp">
      <Filter>External Code\Graphics Assignment</Filter>
    </ClCompile>
    <ClCompile Include="Import\Common\MSDefines.cpp">
      <Filter>External Code\Graphics Assignment</Filter>
    </ClCompile>
    <ClCompile Include="Import\Common\Utility.cpp">
      <Filter>External Code\Graphics Assignment</Filter>
    </ClCompile>
    <ClCompile Include="TinyXML\tinyxml2.cpp">
      <Filter>External Code\TinyXML</Filter>
    </ClCompile>
    <ClCompile Include="Colours.cpp">
      <Filter>Created Code\Misc</Filter>
    </ClCompile>
    <ClCompile Include="Geometry.cpp">
      <Filter>Created Code\Geometry</Filter>
    </ClCompile>
    <ClCompile Include="GeometryManager.cpp">
      <Filter>Created Code\Geometry</Filter>
    </ClCompile>
    <ClCompile Include="Texture.cpp">
      <Filter>Created Code\Textures</Filter>
    </ClCompile>
    <ClCompile Include="TextureManager.cpp">
      <Filter>Created Code\Textures</Filter>
    </ClCompile>
    <ClCompile Include="RenderObject.cpp">
      <Filter>Created Code</Filter>
    </ClCompile>
    <ClCompile Include="TinyXML\xmltest.cpp">
      <Filter>External Code\TinyXML</Filter>
    </ClCompile>
    <ClCompile Include="AIInterface.cpp">
      <Filter>Created Code\AI</Filter>
    </ClCompile>
    <ClCompile Include="AIRandom.cpp">
      <Filter>Created Code\AI</Filter>
    </ClCompile>
    <ClCompile Include="Model.cpp">
      <Filter>Created Code\Geometry</Filter>
    </ClCompile>
    <ClCompile Include="Import OBJ.cpp">
      <Filter>External Code</Filter>
    </ClCompile>
    <ClCompile Include="Main.cpp">
      <Filter>Created Code</Filter>
    </ClCompile>
  </ItemGroup>
  <ItemGroup>
    <ClInclude Include="Light.h">
      <Filter>Created Code</Filter>
    </ClInclude>
    <ClInclude Include="Scene.h">
      <Filter>Created Code</Filter>
    </ClInclude>
    <ClInclude Include="MapSquare.h">
      <Filter>Created Code</Filter>
    </ClInclude>
    <ClInclude Include="Import\Math\BaseMath.h">
      <Filter>External Code\Graphics Assignment</Filter>
    </ClInclude>
    <ClInclude Include="Camera.h">
      <Filter>External Code\Graphics Assignment</Filter>
    </ClInclude>
    <ClInclude Include="Import\Common\CFatalException.h">
      <Filter>External Code\Graphics Assignment</Filter>
    </ClInclude>
    <ClInclude Include="Import\CImportXFile.h">
      <Filter>External Code\Graphics Assignment</Filter>
    </ClInclude>
    <ClInclude Include="Import\Math\CMatrix2x2.h">
      <Filter>External Code\Graphics Assignment</Filter>
    </ClInclude>
    <ClInclude Include="Import\Math\CMatrix3x3.h">
      <Filter>External Code\Graphics Assignment</Filter>
    </ClInclude>
    <ClInclude Include="Import\Math\CMatrix4x4.h">
      <Filter>External Code\Graphics Assignment</Filter>
    </ClInclude>
    <ClInclude Include="Import\Colour.h">
      <Filter>External Code\Graphics Assignment</Filter>
    </ClInclude>
    <ClInclude Include="Import\Math\CQuaternion.h">
      <Filter>External Code\Graphics Assignment</Filter>
    </ClInclude>
    <ClInclude Include="Import\Math\CQuatTransform.h">
      <Filter>External Code\Graphics Assignment</Filter>
    </ClInclude>
    <ClInclude Include="CTimer.h">
      <Filter>External Code\Graphics Assignment</Filter>
    </ClInclude>
    <ClInclude Include="Import\Math\CVector2.h">
      <Filter>External Code\Graphics Assignment</Filter>
    </ClInclude>
    <ClInclude Include="Import\Math\CVector3.h">
      <Filter>External Code\Graphics Assignment</Filter>
    </ClInclude>
    <ClInclude Include="Import\Math\CVector4.h">
      <Filter>External Code\Graphics Assignment</Filter>
    </ClInclude>
    <ClInclude Include="Import\Common\Error.h">
      <Filter>External Code\Graphics Assignment</Filter>
    </ClInclude>
    <ClInclude Include="Import\Common\GenDefines.h">
      <Filter>External Code\Graphics Assignment</Filter>
    </ClInclude>
    <ClInclude Include="Input.h">
      <Filter>External Code\Graphics Assignment</Filter>
    </ClInclude>
    <ClInclude Include="Import\Math\MathDX.h">
      <Filter>External Code\Graphics Assignment</Filter>
    </ClInclude>
    <ClInclude Include="Import\Math\MathIO.h">
      <Filter>External Code\Graphics Assignment</Filter>
    </ClInclude>
    <ClInclude Include="Import\MeshData.h">
      <Filter>External Code\Graphics Assignment</Filter>
    </ClInclude>
    <ClInclude Include="Import\Common\MSDefines.h">
      <Filter>External Code\Graphics Assignment</Filter>
    </ClInclude>
    <ClInclude Include="Import\rmxfguid.h">
      <Filter>External Code\Graphics Assignment</Filter>
    </ClInclude>
    <ClInclude Include="Import\rmxftmpl.h">
      <Filter>External Code\Graphics Assignment</Filter>
    </ClInclude>
    <ClInclude Include="Import\Common\Utility.h">
      <Filter>External Code\Graphics Assignment</Filter>
    </ClInclude>
    <ClInclude Include="TinyXML\tinyxml2.h">
      <Filter>External Code\TinyXML</Filter>
    </ClInclude>
    <ClInclude Include="Colours.h">
      <Filter>Created Code\Misc</Filter>
    </ClInclude>
    <ClInclude Include="Defines.h">
      <Filter>Created Code\Misc</Filter>
    </ClInclude>
    <ClInclude Include="Geometry.h">
      <Filter>Created Code\Geometry</Filter>
    </ClInclude>
    <ClInclude Include="GeometryManager.h">
      <Filter>Created Code\Geometry</Filter>
    </ClInclude>
    <ClInclude Include="Resource.h">
      <Filter>Created Code\Misc</Filter>
    </ClInclude>
    <ClInclude Include="Texture.h">
      <Filter>Created Code\Textures</Filter>
    </ClInclude>
    <ClInclude Include="TextureManager.h">
      <Filter>Created Code\Textures</Filter>
    </ClInclude>
    <ClInclude Include="RenderObject.h">
      <Filter>Created Code</Filter>
    </ClInclude>
    <ClInclude Include="AIInterface.h">
      <Filter>Created Code\AI</Filter>
    </ClInclude>
    <ClInclude Include="AIRandom.h">
      <Filter>Created Code\AI</Filter>
    </ClInclude>
    <ClInclude Include="Model.h">
      <Filter>Created Code\Geometry</Filter>
    </ClInclude>
  </ItemGroup>
  <ItemGroup>
    <Filter Include="External Code">
      <UniqueIdentifier>{fd31503f-31b2-4237-9fa1-a28e3ac96a58}</UniqueIdentifier>
    </Filter>
    <Filter Include="Modified Code">
      <UniqueIdentifier>{990736b0-6685-4c12-bdfe-5764c1ceaae0}</UniqueIdentifier>
    </Filter>
    <Filter Include="Created Code">
      <UniqueIdentifier>{4d4f1619-b4d4-4e41-804d-997af402d629}</UniqueIdentifier>
    </Filter>
    <Filter Include="Other files">
      <UniqueIdentifier>{a98e225e-20f4-4d64-a2d8-3b0e5f90c533}</UniqueIdentifier>
    </Filter>
    <Filter Include="External Code\Graphics Assignment">
      <UniqueIdentifier>{94f738cb-36c1-41e8-a98b-1b2a072a45c7}</UniqueIdentifier>
    </Filter>
    <Filter Include="External Code\TinyXML">
      <UniqueIdentifier>{a1733e51-a282-4a98-9fb5-b0cacc22bafd}</UniqueIdentifier>
    </Filter>
    <Filter Include="Created Code\Misc">
      <UniqueIdentifier>{703a17e6-9c6d-4c2c-9264-8a4e98acc57d}</UniqueIdentifier>
    </Filter>
    <Filter Include="Created Code\Geometry">
      <UniqueIdentifier>{5704281c-cccb-4ba4-b02c-6259a656d812}</UniqueIdentifier>
    </Filter>
    <Filter Include="Created Code\Textures">
      <UniqueIdentifier>{6b474a8f-ee59-46db-a590-715bbb649f1f}</UniqueIdentifier>
    </Filter>
    <Filter Include="Created Code\AI">
      <UniqueIdentifier>{434a8aa3-4f13-44d0-a22c-7772fe90687e}</UniqueIdentifier>
    </Filter>
    <Filter Include="Created Code\Shaders">
      <UniqueIdentifier>{5032cb19-cd86-466f-b459-17bb3ea0d76d}</UniqueIdentifier>
    </Filter>
  </ItemGroup>
  <ItemGroup>
    <Text Include="bob.txt">
      <Filter>Other files</Filter>
    </Text>
  </ItemGroup>
  <ItemGroup>
    <FxCompile Include="PixelShader.hlsl">
      <Filter>Created Code\Shaders</Filter>
    </FxCompile>
    <FxCompile Include="VertexShader.hlsl">
      <Filter>Created Code\Shaders</Filter>
    </FxCompile>
    <FxCompile Include="GraphicsAssign1.fx">
      <Filter>Created Code\Shaders</Filter>
    </FxCompile>
  </ItemGroup>
</Project>